{
  "name": "lazorkit-demo",
  "version": "0.1.0",
  "lockfileVersion": 2,
  "requires": true,
  "packages": {
    "": {
      "name": "lazorkit-demo",
      "version": "0.1.0",
      "devDependencies": {
        "turbo": "latest",
        "typescript": "^5.0.0"
      }
    },
    "apps/mobile": {
      "name": "lazor-app-mobile",
      "version": "0.1.0",
      "extraneous": true
    },
    "apps/web": {
      "name": "lazor-app-web",
      "version": "0.1.0",
      "extraneous": true,
      "dependencies": {
        "@lazor/core": "workspace:*",
        "next": "latest",
        "react": "latest",
        "react-dom": "latest"
      },
      "devDependencies": {
        "@tailwindcss/postcss": "^4",
        "@types/node": "^20",
        "@types/react": "^19",
        "@types/react-dom": "^19",
        "babel-plugin-react-compiler": "1.0.0",
        "eslint": "^9",
        "eslint-config-next": "16.1.0",
        "tailwindcss": "^4",
        "typescript": "^5"
      }
    },
    "node_modules/turbo": {
      "version": "2.7.0",
      "resolved": "https://registry.npmjs.org/turbo/-/turbo-2.7.0.tgz",
      "integrity": "sha512-1dUGwi6cSSVZts1BwJa/Gh7w5dPNNGsNWZEAuRKxXWME44hTKWpQZrgiPnqMc5jJJOovzPK5N6tL+PHYRYL5Wg==",
      "dev": true,
      "bin": {
        "turbo": "bin/turbo"
      },
      "optionalDependencies": {
        "turbo-darwin-64": "2.7.0",
        "turbo-darwin-arm64": "2.7.0",
        "turbo-linux-64": "2.7.0",
        "turbo-linux-arm64": "2.7.0",
        "turbo-windows-64": "2.7.0",
        "turbo-windows-arm64": "2.7.0"
      }
    },
    "node_modules/turbo-darwin-64": {
      "version": "2.7.0",
      "resolved": "https://registry.npmjs.org/turbo-darwin-64/-/turbo-darwin-64-2.7.0.tgz",
      "integrity": "sha512-gwqL7cJOSYrV/jNmhXM8a2uzSFn7GcUASOuen6OgmUsafUj9SSWcgXZ/q0w9hRoL917hpidkdI//UpbxbZbwwg==",
      "cpu": [
        "x64"
      ],
      "dev": true,
      "optional": true,
      "os": [
        "darwin"
      ]
    },
    "node_modules/turbo-darwin-arm64": {
      "version": "2.7.0",
      "resolved": "https://registry.npmjs.org/turbo-darwin-arm64/-/turbo-darwin-arm64-2.7.0.tgz",
      "integrity": "sha512-f3F5DYOnfE6lR6v/rSld7QGZgartKsnlIYY7jcF/AA7Wz27za9XjxMHzb+3i4pvRhAkryFgf2TNq7eCFrzyTpg==",
      "cpu": [
        "arm64"
      ],
      "dev": true,
      "optional": true,
      "os": [
        "darwin"
      ]
    },
    "node_modules/turbo-linux-64": {
      "version": "2.7.0",
      "resolved": "https://registry.npmjs.org/turbo-linux-64/-/turbo-linux-64-2.7.0.tgz",
      "integrity": "sha512-KsC+UuKlhjCL+lom10/IYoxUsdhJOsuEki72YSr7WGYUSRihcdJQnaUyIDTlm0nPOb+gVihVNBuVP4KsNg1UnA==",
      "cpu": [
        "x64"
      ],
      "dev": true,
      "optional": true,
      "os": [
        "linux"
      ]
    },
    "node_modules/turbo-linux-arm64": {
      "version": "2.7.0",
      "resolved": "https://registry.npmjs.org/turbo-linux-arm64/-/turbo-linux-arm64-2.7.0.tgz",
      "integrity": "sha512-1tjIYULeJtpmE/ovoI9qPBFJCtUEM7mYfeIMOIs4bXR6t/8u+rHPwr3j+vRHcXanIc42V1n3Pz52VqmJtIAviw==",
      "cpu": [
        "arm64"
      ],
      "dev": true,
      "optional": true,
      "os": [
        "linux"
      ]
    },
    "node_modules/turbo-windows-64": {
      "version": "2.7.0",
      "resolved": "https://registry.npmjs.org/turbo-windows-64/-/turbo-windows-64-2.7.0.tgz",
      "integrity": "sha512-KThkAeax46XiH+qICCQm7R8V2pPdeTTP7ArCSRrSLqnlO75ftNm8Ljx4VAllwIZkILrq/GDM8PlyhZdPeUdDxQ==",
      "cpu": [
        "x64"
      ],
      "dev": true,
      "optional": true,
      "os": [
        "win32"
      ]
    },
    "node_modules/turbo-windows-arm64": {
      "version": "2.7.0",
      "resolved": "https://registry.npmjs.org/turbo-windows-arm64/-/turbo-windows-arm64-2.7.0.tgz",
      "integrity": "sha512-kzI6rsQ3Ejs+CkM9HEEP3Z4h5YMCRxwIlQXFQmgXSG3BIgorCkRF2Xr7iQ2i9AGwY/6jbiAYeJbvi3yCp+noFw==",
      "cpu": [
        "arm64"
      ],
      "dev": true,
      "optional": true,
      "os": [
        "win32"
      ]
    },
    "node_modules/typescript": {
      "version": "5.9.3",
      "resolved": "https://registry.npmjs.org/typescript/-/typescript-5.9.3.tgz",
      "integrity": "sha512-jl1vZzPDinLr9eUt3J/t7V6FgNEw9QjvBPdysz9KfQDD41fQrC2Y4vKQdiaUpFT4bXlb1RHhLpp8wtm6M5TgSw==",
      "dev": true,
      "bin": {
        "tsc": "bin/tsc",
        "tsserver": "bin/tsserver"
      },
      "engines": {
        "node": ">=14.17"
      }
    },
    "packages/lazor-core": {
      "name": "@lazor/core",
      "version": "0.1.0",
      "extraneous": true,
      "dependencies": {
        "@lazorkit/wallet": "latest",
        "@solana/web3.js": "latest",
        "react": "^18.0.0 || ^19.0.0",
        "zustand": "^5.0.0"
      },
      "devDependencies": {
        "tsup": "latest",
        "typescript": "^5.0.0"
      }
    },
    "packages/ui": {
      "name": "@lazorkit/ui",
      "version": "0.1.0",
      "extraneous": true,
      "devDependencies": {
        "typescript": "^5"
      }
    }
  },
  "dependencies": {
    "turbo": {
      "version": "2.7.0",
      "resolved": "https://registry.npmjs.org/turbo/-/turbo-2.7.0.tgz",
      "integrity": "sha512-1dUGwi6cSSVZts1BwJa/Gh7w5dPNNGsNWZEAuRKxXWME44hTKWpQZrgiPnqMc5jJJOovzPK5N6tL+PHYRYL5Wg==",
      "dev": true,
      "requires": {
        "turbo-darwin-64": "2.7.0",
        "turbo-darwin-arm64": "2.7.0",
        "turbo-linux-64": "2.7.0",
        "turbo-linux-arm64": "2.7.0",
        "turbo-windows-64": "2.7.0",
        "turbo-windows-arm64": "2.7.0"
      }
    },
    "turbo-darwin-64": {
      "version": "2.7.0",
      "resolved": "https://registry.npmjs.org/turbo-darwin-64/-/turbo-darwin-64-2.7.0.tgz",
      "integrity": "sha512-gwqL7cJOSYrV/jNmhXM8a2uzSFn7GcUASOuen6OgmUsafUj9SSWcgXZ/q0w9hRoL917hpidkdI//UpbxbZbwwg==",
      "dev": true,
      "optional": true
    },
    "turbo-darwin-arm64": {
      "version": "2.7.0",
      "resolved": "https://registry.npmjs.org/turbo-darwin-arm64/-/turbo-darwin-arm64-2.7.0.tgz",
      "integrity": "sha512-f3F5DYOnfE6lR6v/rSld7QGZgartKsnlIYY7jcF/AA7Wz27za9XjxMHzb+3i4pvRhAkryFgf2TNq7eCFrzyTpg==",
      "dev": true,
      "optional": true
    },
    "turbo-linux-64": {
      "version": "2.7.0",
      "resolved": "https://registry.npmjs.org/turbo-linux-64/-/turbo-linux-64-2.7.0.tgz",
      "integrity": "sha512-KsC+UuKlhjCL+lom10/IYoxUsdhJOsuEki72YSr7WGYUSRihcdJQnaUyIDTlm0nPOb+gVihVNBuVP4KsNg1UnA==",
      "dev": true,
      "optional": true
    },
    "turbo-linux-arm64": {
      "version": "2.7.0",
      "resolved": "https://registry.npmjs.org/turbo-linux-arm64/-/turbo-linux-arm64-2.7.0.tgz",
      "integrity": "sha512-1tjIYULeJtpmE/ovoI9qPBFJCtUEM7mYfeIMOIs4bXR6t/8u+rHPwr3j+vRHcXanIc42V1n3Pz52VqmJtIAviw==",
      "dev": true,
      "optional": true
    },
    "turbo-windows-64": {
      "version": "2.7.0",
      "resolved": "https://registry.npmjs.org/turbo-windows-64/-/turbo-windows-64-2.7.0.tgz",
      "integrity": "sha512-KThkAeax46XiH+qICCQm7R8V2pPdeTTP7ArCSRrSLqnlO75ftNm8Ljx4VAllwIZkILrq/GDM8PlyhZdPeUdDxQ==",
      "dev": true,
      "optional": true
    },
    "turbo-windows-arm64": {
      "version": "2.7.0",
      "resolved": "https://registry.npmjs.org/turbo-windows-arm64/-/turbo-windows-arm64-2.7.0.tgz",
      "integrity": "sha512-kzI6rsQ3Ejs+CkM9HEEP3Z4h5YMCRxwIlQXFQmgXSG3BIgorCkRF2Xr7iQ2i9AGwY/6jbiAYeJbvi3yCp+noFw==",
      "dev": true,
      "optional": true
    },
    "typescript": {
      "version": "5.9.3",
      "resolved": "https://registry.npmjs.org/typescript/-/typescript-5.9.3.tgz",
      "integrity": "sha512-jl1vZzPDinLr9eUt3J/t7V6FgNEw9QjvBPdysz9KfQDD41fQrC2Y4vKQdiaUpFT4bXlb1RHhLpp8wtm6M5TgSw==",
      "dev": true
    }
  }
}
